Microsoft Visual Studio Solution File, Format Version 12.00
# Visual Studio Version 17
VisualStudioVersion = 17.5.2.0
MinimumVisualStudioVersion = 10.0.40219.1
Project("{FAE04EC0-301F-11D3-BF4B-00C04F79EFBC}") = "retsuko-backend", "retsuko-backend.csproj", "{9237D1A7-5210-DC1D-AF37-D6FBAA2313BE}"
EndProject
Global
	GlobalSection(SolutionConfigurationPlatforms) = preSolution
		Debug|Any CPU = Debug|Any CPU
		Release|Any CPU = Release|Any CPU
	EndGlobalSection
	GlobalSection(ProjectConfigurationPlatforms) = postSolution
		{9237D1A7-5210-DC1D-AF37-D6FBAA2313BE}.Debug|Any CPU.ActiveCfg = Debug|Any CPU
		{9237D1A7-5210-DC1D-AF37-D6FBAA2313BE}.Debug|Any CPU.Build.0 = Debug|Any CPU
		{9237D1A7-5210-DC1D-AF37-D6FBAA2313BE}.Release|Any CPU.ActiveCfg = Release|Any CPU
		{9237D1A7-5210-DC1D-AF37-D6FBAA2313BE}.Release|Any CPU.Build.0 = Release|Any CPU
	EndGlobalSection
	GlobalSection(SolutionProperties) = preSolution
		HideSolutionNode = FALSE
	EndGlobalSection
	GlobalSection(ExtensibilityGlobals) = postSolution
		SolutionGuid = {572701EF-4D3D-4B16-83C4-D4A77FB39B13}
	EndGlobalSection
EndGlobal
